# This file is automatically @generated by Cargo.
# It is not intended for manual editing.
version = 4

[[package]]
name = "peekle-cli"
version = "0.1.0"

[[package]]
name = "peekle-core"
version = "0.1.0"

[[package]]
name = "peekle-hotkey"
version = "0.1.0"

[[package]]
name = "peekle-server"
version = "0.1.0"

[[package]]
name = "peekle-usage"
version = "0.1.0"
